
Microsoft Visual Studio Solution File, Format Version 12.00
# Visual Studio Version 17
VisualStudioVersion = 17.0.31808.319
MinimumVisualStudioVersion = 10.0.40219.1
Project("{FAE04EC0-301F-11D3-BF4B-00C04F79EFBC}") = "matchingGame", "matchingGame\matchingGame.csproj", "{666D188B-38C9-4D7A-91E6-A9D94E3E84AD}"
EndProject
Global
	GlobalSection(SolutionConfigurationPlatforms) = preSolution
		Debug|Any CPU = Debug|Any CPU
		Release|Any CPU = Release|Any CPU
	EndGlobalSection
	GlobalSection(ProjectConfigurationPlatforms) = postSolution
		{666D188B-38C9-4D7A-91E6-A9D94E3E84AD}.Debug|Any CPU.ActiveCfg = Debug|Any CPU
		{666D188B-38C9-4D7A-91E6-A9D94E3E84AD}.Debug|Any CPU.Build.0 = Debug|Any CPU
		{666D188B-38C9-4D7A-91E6-A9D94E3E84AD}.Release|Any CPU.ActiveCfg = Release|Any CPU
		{666D188B-38C9-4D7A-91E6-A9D94E3E84AD}.Release|Any CPU.Build.0 = Release|Any CPU
	EndGlobalSection
	GlobalSection(SolutionProperties) = preSolution
		HideSolutionNode = FALSE
	EndGlobalSection
	GlobalSection(ExtensibilityGlobals) = postSolution
		SolutionGuid = {C5473864-ECEB-4915-B979-8615D0339E06}
	EndGlobalSection
EndGlobal
